// !$*UTF8*$!
{
	archiveVersion = 1;
	classes = {
	};
	objectVersion = 55;
	objects = {

/* Begin PBXBuildFile section */
		985493A9288EE3DE00A0D17F /* TestDataSource.swift in Sources */ = {isa = PBXBuildFile; fileRef = 985493A8288EE3DE00A0D17F /* TestDataSource.swift */; };
		985493AA288EE3DE00A0D17F /* TestDataSource.swift in Sources */ = {isa = PBXBuildFile; fileRef = 985493A8288EE3DE00A0D17F /* TestDataSource.swift */; };
		985493AC288EE3F600A0D17F /* ProductionDataSource.swift in Sources */ = {isa = PBXBuildFile; fileRef = 985493AB288EE3F600A0D17F /* ProductionDataSource.swift */; };
		985493AD288EE3F600A0D17F /* ProductionDataSource.swift in Sources */ = {isa = PBXBuildFile; fileRef = 985493AB288EE3F600A0D17F /* ProductionDataSource.swift */; };
		986BE68D288AC95200DA53FC /* DataSourceFactory.swift in Sources */ = {isa = PBXBuildFile; fileRef = 986BE68C288AC95200DA53FC /* DataSourceFactory.swift */; };
		986BE68E288ACF4700DA53FC /* DataSourceFactory.swift in Sources */ = {isa = PBXBuildFile; fileRef = 986BE68C288AC95200DA53FC /* DataSourceFactory.swift */; };
		988E44A02885423300D16752 /* AppDelegate.swift in Sources */ = {isa = PBXBuildFile; fileRef = 988E449F2885423300D16752 /* AppDelegate.swift */; };
		988E44A22885423300D16752 /* SceneDelegate.swift in Sources */ = {isa = PBXBuildFile; fileRef = 988E44A12885423300D16752 /* SceneDelegate.swift */; };
		988E44A42885423300D16752 /* ViewController.swift in Sources */ = {isa = PBXBuildFile; fileRef = 988E44A32885423300D16752 /* ViewController.swift */; };
		988E44A72885423300D16752 /* Main.storyboard in Resources */ = {isa = PBXBuildFile; fileRef = 988E44A52885423300D16752 /* Main.storyboard */; };
		988E44A92885423400D16752 /* Assets.xcassets in Resources */ = {isa = PBXBuildFile; fileRef = 988E44A82885423400D16752 /* Assets.xcassets */; };
		988E44AC2885423400D16752 /* LaunchScreen.storyboard in Resources */ = {isa = PBXBuildFile; fileRef = 988E44AA2885423400D16752 /* LaunchScreen.storyboard */; };
		988E44B5288542CF00D16752 /* CollectionViewController.swift in Sources */ = {isa = PBXBuildFile; fileRef = 988E44B4288542CF00D16752 /* CollectionViewController.swift */; };
		988E44B72885612600D16752 /* CustomCollectionViewCell.swift in Sources */ = {isa = PBXBuildFile; fileRef = 988E44B62885612600D16752 /* CustomCollectionViewCell.swift */; };
		988E44B9288574AA00D16752 /* CollectionViewViewModel.swift in Sources */ = {isa = PBXBuildFile; fileRef = 988E44B8288574AA00D16752 /* CollectionViewViewModel.swift */; };
		988E44BB2885ABBD00D16752 /* Model.swift in Sources */ = {isa = PBXBuildFile; fileRef = 988E44BA2885ABBD00D16752 /* Model.swift */; };
		988E44BF2885ADD300D16752 /* CustomCollectionViewCellViewModel.swift in Sources */ = {isa = PBXBuildFile; fileRef = 988E44BE2885ADD300D16752 /* CustomCollectionViewCellViewModel.swift */; };
		9894B959288EEF3C002B2B57 /* CellContentBuilder.swift in Sources */ = {isa = PBXBuildFile; fileRef = 9894B958288EEF3C002B2B57 /* CellContentBuilder.swift */; };
		9894B95A288EEF3C002B2B57 /* CellContentBuilder.swift in Sources */ = {isa = PBXBuildFile; fileRef = 9894B958288EEF3C002B2B57 /* CellContentBuilder.swift */; };
		989CCF77288FCED60024AA17 /* LabelContent.swift in Sources */ = {isa = PBXBuildFile; fileRef = 989CCF76288FCED60024AA17 /* LabelContent.swift */; };
		989CCF78288FCED60024AA17 /* LabelContent.swift in Sources */ = {isa = PBXBuildFile; fileRef = 989CCF76288FCED60024AA17 /* LabelContent.swift */; };
		989CCF7A288FCF640024AA17 /* TextViewContent.swift in Sources */ = {isa = PBXBuildFile; fileRef = 989CCF79288FCF640024AA17 /* TextViewContent.swift */; };
		989CCF7B288FCF640024AA17 /* TextViewContent.swift in Sources */ = {isa = PBXBuildFile; fileRef = 989CCF79288FCF640024AA17 /* TextViewContent.swift */; };
		989CCF7C288FDDC20024AA17 /* CustomCollectionViewCell.swift in Sources */ = {isa = PBXBuildFile; fileRef = 988E44B62885612600D16752 /* CustomCollectionViewCell.swift */; };
		989CCF7D288FE4290024AA17 /* CollectionViewController.swift in Sources */ = {isa = PBXBuildFile; fileRef = 988E44B4288542CF00D16752 /* CollectionViewController.swift */; };
		989CCF85288FE82E0024AA17 /* SAP_ChallangeUITests.swift in Sources */ = {isa = PBXBuildFile; fileRef = 989CCF84288FE82E0024AA17 /* SAP_ChallangeUITests.swift */; };
		989CCF87288FE82E0024AA17 /* SAP_ChallangeUITestsLaunchTests.swift in Sources */ = {isa = PBXBuildFile; fileRef = 989CCF86288FE82E0024AA17 /* SAP_ChallangeUITestsLaunchTests.swift */; };
		989CCF8E289010AB0024AA17 /* Errors.swift in Sources */ = {isa = PBXBuildFile; fileRef = 989CCF8D289010AB0024AA17 /* Errors.swift */; };
		989CCF9128901AF20024AA17 /* Errors.swift in Sources */ = {isa = PBXBuildFile; fileRef = 989CCF8D289010AB0024AA17 /* Errors.swift */; };
		989D996B288850AA00CE2EE0 /* SAP_ChallangeTests.swift in Sources */ = {isa = PBXBuildFile; fileRef = 989D996A288850AA00CE2EE0 /* SAP_ChallangeTests.swift */; };
		989D9971288852C900CE2EE0 /* CollectionViewViewModel.swift in Sources */ = {isa = PBXBuildFile; fileRef = 988E44B8288574AA00D16752 /* CollectionViewViewModel.swift */; };
		989D99722888555000CE2EE0 /* Model.swift in Sources */ = {isa = PBXBuildFile; fileRef = 988E44BA2885ABBD00D16752 /* Model.swift */; };
		989D99732888556000CE2EE0 /* CustomCollectionViewCellViewModel.swift in Sources */ = {isa = PBXBuildFile; fileRef = 988E44BE2885ADD300D16752 /* CustomCollectionViewCellViewModel.swift */; };
/* End PBXBuildFile section */

/* Begin PBXContainerItemProxy section */
		989CCF88288FE82E0024AA17 /* PBXContainerItemProxy */ = {
			isa = PBXContainerItemProxy;
			containerPortal = 988E44942885423300D16752 /* Project object */;
			proxyType = 1;
			remoteGlobalIDString = 988E449B2885423300D16752;
			remoteInfo = "SAP Challange";
		};
		989D996C288850AA00CE2EE0 /* PBXContainerItemProxy */ = {
			isa = PBXContainerItemProxy;
			containerPortal = 988E44942885423300D16752 /* Project object */;
			proxyType = 1;
			remoteGlobalIDString = 988E449B2885423300D16752;
			remoteInfo = "SAP Challange";
		};
/* End PBXContainerItemProxy section */

/* Begin PBXFileReference section */
		985493A8288EE3DE00A0D17F /* TestDataSource.swift */ = {isa = PBXFileReference; lastKnownFileType = sourcecode.swift; path = TestDataSource.swift; sourceTree = "<group>"; };
		985493AB288EE3F600A0D17F /* ProductionDataSource.swift */ = {isa = PBXFileReference; lastKnownFileType = sourcecode.swift; path = ProductionDataSource.swift; sourceTree = "<group>"; };
		986BE68C288AC95200DA53FC /* DataSourceFactory.swift */ = {isa = PBXFileReference; lastKnownFileType = sourcecode.swift; path = DataSourceFactory.swift; sourceTree = "<group>"; };
		988E449C2885423300D16752 /* SAP Challange.app */ = {isa = PBXFileReference; explicitFileType = wrapper.application; includeInIndex = 0; path = "SAP Challange.app"; sourceTree = BUILT_PRODUCTS_DIR; };
		988E449F2885423300D16752 /* AppDelegate.swift */ = {isa = PBXFileReference; lastKnownFileType = sourcecode.swift; path = AppDelegate.swift; sourceTree = "<group>"; };
		988E44A12885423300D16752 /* SceneDelegate.swift */ = {isa = PBXFileReference; lastKnownFileType = sourcecode.swift; path = SceneDelegate.swift; sourceTree = "<group>"; };
		988E44A32885423300D16752 /* ViewController.swift */ = {isa = PBXFileReference; lastKnownFileType = sourcecode.swift; path = ViewController.swift; sourceTree = "<group>"; };
		988E44A62885423300D16752 /* Base */ = {isa = PBXFileReference; lastKnownFileType = file.storyboard; name = Base; path = Base.lproj/Main.storyboard; sourceTree = "<group>"; };
		988E44A82885423400D16752 /* Assets.xcassets */ = {isa = PBXFileReference; lastKnownFileType = folder.assetcatalog; path = Assets.xcassets; sourceTree = "<group>"; };
		988E44AB2885423400D16752 /* Base */ = {isa = PBXFileReference; lastKnownFileType = file.storyboard; name = Base; path = Base.lproj/LaunchScreen.storyboard; sourceTree = "<group>"; };
		988E44AD2885423400D16752 /* Info.plist */ = {isa = PBXFileReference; lastKnownFileType = text.plist.xml; path = Info.plist; sourceTree = "<group>"; };
		988E44B4288542CF00D16752 /* CollectionViewController.swift */ = {isa = PBXFileReference; lastKnownFileType = sourcecode.swift; path = CollectionViewController.swift; sourceTree = "<group>"; };
		988E44B62885612600D16752 /* CustomCollectionViewCell.swift */ = {isa = PBXFileReference; lastKnownFileType = sourcecode.swift; path = CustomCollectionViewCell.swift; sourceTree = "<group>"; };
		988E44B8288574AA00D16752 /* CollectionViewViewModel.swift */ = {isa = PBXFileReference; lastKnownFileType = sourcecode.swift; path = CollectionViewViewModel.swift; sourceTree = "<group>"; };
		988E44BA2885ABBD00D16752 /* Model.swift */ = {isa = PBXFileReference; lastKnownFileType = sourcecode.swift; path = Model.swift; sourceTree = "<group>"; };
		988E44BE2885ADD300D16752 /* CustomCollectionViewCellViewModel.swift */ = {isa = PBXFileReference; lastKnownFileType = sourcecode.swift; path = CustomCollectionViewCellViewModel.swift; sourceTree = "<group>"; };
		9894B958288EEF3C002B2B57 /* CellContentBuilder.swift */ = {isa = PBXFileReference; lastKnownFileType = sourcecode.swift; path = CellContentBuilder.swift; sourceTree = "<group>"; };
		989CCF76288FCED60024AA17 /* LabelContent.swift */ = {isa = PBXFileReference; lastKnownFileType = sourcecode.swift; path = LabelContent.swift; sourceTree = "<group>"; };
		989CCF79288FCF640024AA17 /* TextViewContent.swift */ = {isa = PBXFileReference; lastKnownFileType = sourcecode.swift; path = TextViewContent.swift; sourceTree = "<group>"; };
		989CCF82288FE82E0024AA17 /* SAP ChallangeUITests.xctest */ = {isa = PBXFileReference; explicitFileType = wrapper.cfbundle; includeInIndex = 0; path = "SAP ChallangeUITests.xctest"; sourceTree = BUILT_PRODUCTS_DIR; };
		989CCF84288FE82E0024AA17 /* SAP_ChallangeUITests.swift */ = {isa = PBXFileReference; lastKnownFileType = sourcecode.swift; path = SAP_ChallangeUITests.swift; sourceTree = "<group>"; };
		989CCF86288FE82E0024AA17 /* SAP_ChallangeUITestsLaunchTests.swift */ = {isa = PBXFileReference; lastKnownFileType = sourcecode.swift; path = SAP_ChallangeUITestsLaunchTests.swift; sourceTree = "<group>"; };
		989CCF8D289010AB0024AA17 /* Errors.swift */ = {isa = PBXFileReference; lastKnownFileType = sourcecode.swift; path = Errors.swift; sourceTree = "<group>"; };
		989D9968288850AA00CE2EE0 /* SAP ChallangeTests.xctest */ = {isa = PBXFileReference; explicitFileType = wrapper.cfbundle; includeInIndex = 0; path = "SAP ChallangeTests.xctest"; sourceTree = BUILT_PRODUCTS_DIR; };
		989D996A288850AA00CE2EE0 /* SAP_ChallangeTests.swift */ = {isa = PBXFileReference; lastKnownFileType = sourcecode.swift; path = SAP_ChallangeTests.swift; sourceTree = "<group>"; };
/* End PBXFileReference section */

/* Begin PBXFrameworksBuildPhase section */
		988E44992885423300D16752 /* Frameworks */ = {
			isa = PBXFrameworksBuildPhase;
			buildActionMask = 2147483647;
			files = (
			);
			runOnlyForDeploymentPostprocessing = 0;
		};
		989CCF7F288FE82E0024AA17 /* Frameworks */ = {
			isa = PBXFrameworksBuildPhase;
			buildActionMask = 2147483647;
			files = (
			);
			runOnlyForDeploymentPostprocessing = 0;
		};
		989D9965288850AA00CE2EE0 /* Frameworks */ = {
			isa = PBXFrameworksBuildPhase;
			buildActionMask = 2147483647;
			files = (
			);
			runOnlyForDeploymentPostprocessing = 0;
		};
/* End PBXFrameworksBuildPhase section */

/* Begin PBXGroup section */
		985493A7288EE3C400A0D17F /* DataSource */ = {
			isa = PBXGroup;
			children = (
				986BE68C288AC95200DA53FC /* DataSourceFactory.swift */,
				985493A8288EE3DE00A0D17F /* TestDataSource.swift */,
				985493AB288EE3F600A0D17F /* ProductionDataSource.swift */,
			);
			path = DataSource;
			sourceTree = "<group>";
		};
		988E44932885423300D16752 = {
			isa = PBXGroup;
			children = (
				988E449E2885423300D16752 /* SAP Challange */,
				989D9969288850AA00CE2EE0 /* SAP ChallangeTests */,
				989CCF83288FE82E0024AA17 /* SAP ChallangeUITests */,
				988E449D2885423300D16752 /* Products */,
			);
			sourceTree = "<group>";
		};
		988E449D2885423300D16752 /* Products */ = {
			isa = PBXGroup;
			children = (
				988E449C2885423300D16752 /* SAP Challange.app */,
				989D9968288850AA00CE2EE0 /* SAP ChallangeTests.xctest */,
				989CCF82288FE82E0024AA17 /* SAP ChallangeUITests.xctest */,
			);
			name = Products;
			sourceTree = "<group>";
		};
		988E449E2885423300D16752 /* SAP Challange */ = {
			isa = PBXGroup;
			children = (
				985493A7288EE3C400A0D17F /* DataSource */,
				988E44BC2885AC6800D16752 /* Model */,
				988E44B32885428200D16752 /* CollectionView */,
				9894B957288EEF1F002B2B57 /* CollectionViewUtility */,
				989CCF8D289010AB0024AA17 /* Errors.swift */,
				988E449F2885423300D16752 /* AppDelegate.swift */,
				988E44A12885423300D16752 /* SceneDelegate.swift */,
				988E44A32885423300D16752 /* ViewController.swift */,
				988E44A52885423300D16752 /* Main.storyboard */,
				988E44A82885423400D16752 /* Assets.xcassets */,
				988E44AA2885423400D16752 /* LaunchScreen.storyboard */,
				988E44AD2885423400D16752 /* Info.plist */,
			);
			path = "SAP Challange";
			sourceTree = "<group>";
		};
		988E44B32885428200D16752 /* CollectionView */ = {
			isa = PBXGroup;
			children = (
				988E44B4288542CF00D16752 /* CollectionViewController.swift */,
				988E44B8288574AA00D16752 /* CollectionViewViewModel.swift */,
				988E44BD2885AD9B00D16752 /* Cell */,
			);
			path = CollectionView;
			sourceTree = "<group>";
		};
		988E44BC2885AC6800D16752 /* Model */ = {
			isa = PBXGroup;
			children = (
				988E44BA2885ABBD00D16752 /* Model.swift */,
			);
			path = Model;
			sourceTree = "<group>";
		};
		988E44BD2885AD9B00D16752 /* Cell */ = {
			isa = PBXGroup;
			children = (
				988E44B62885612600D16752 /* CustomCollectionViewCell.swift */,
				988E44BE2885ADD300D16752 /* CustomCollectionViewCellViewModel.swift */,
			);
			path = Cell;
			sourceTree = "<group>";
		};
		9894B957288EEF1F002B2B57 /* CollectionViewUtility */ = {
			isa = PBXGroup;
			children = (
				9894B958288EEF3C002B2B57 /* CellContentBuilder.swift */,
				989CCF76288FCED60024AA17 /* LabelContent.swift */,
				989CCF79288FCF640024AA17 /* TextViewContent.swift */,
			);
			path = CollectionViewUtility;
			sourceTree = "<group>";
		};
		989CCF83288FE82E0024AA17 /* SAP ChallangeUITests */ = {
			isa = PBXGroup;
			children = (
				989CCF84288FE82E0024AA17 /* SAP_ChallangeUITests.swift */,
				989CCF86288FE82E0024AA17 /* SAP_ChallangeUITestsLaunchTests.swift */,
			);
			path = "SAP ChallangeUITests";
			sourceTree = "<group>";
		};
		989D9969288850AA00CE2EE0 /* SAP ChallangeTests */ = {
			isa = PBXGroup;
			children = (
				989D996A288850AA00CE2EE0 /* SAP_ChallangeTests.swift */,
			);
			path = "SAP ChallangeTests";
			sourceTree = "<group>";
		};
/* End PBXGroup section */

/* Begin PBXNativeTarget section */
		988E449B2885423300D16752 /* SAP Challange */ = {
			isa = PBXNativeTarget;
			buildConfigurationList = 988E44B02885423400D16752 /* Build configuration list for PBXNativeTarget "SAP Challange" */;
			buildPhases = (
				988E44982885423300D16752 /* Sources */,
				988E44992885423300D16752 /* Frameworks */,
				988E449A2885423300D16752 /* Resources */,
			);
			buildRules = (
			);
			dependencies = (
			);
			name = "SAP Challange";
			productName = "SAP Challange";
			productReference = 988E449C2885423300D16752 /* SAP Challange.app */;
			productType = "com.apple.product-type.application";
		};
		989CCF81288FE82E0024AA17 /* SAP ChallangeUITests */ = {
			isa = PBXNativeTarget;
			buildConfigurationList = 989CCF8A288FE82E0024AA17 /* Build configuration list for PBXNativeTarget "SAP ChallangeUITests" */;
			buildPhases = (
				989CCF7E288FE82E0024AA17 /* Sources */,
				989CCF7F288FE82E0024AA17 /* Frameworks */,
				989CCF80288FE82E0024AA17 /* Resources */,
			);
			buildRules = (
			);
			dependencies = (
				989CCF89288FE82E0024AA17 /* PBXTargetDependency */,
			);
			name = "SAP ChallangeUITests";
			productName = "SAP ChallangeUITests";
			productReference = 989CCF82288FE82E0024AA17 /* SAP ChallangeUITests.xctest */;
			productType = "com.apple.product-type.bundle.ui-testing";
		};
		989D9967288850AA00CE2EE0 /* SAP ChallangeTests */ = {
			isa = PBXNativeTarget;
			buildConfigurationList = 989D9970288850AA00CE2EE0 /* Build configuration list for PBXNativeTarget "SAP ChallangeTests" */;
			buildPhases = (
				989D9964288850AA00CE2EE0 /* Sources */,
				989D9965288850AA00CE2EE0 /* Frameworks */,
				989D9966288850AA00CE2EE0 /* Resources */,
			);
			buildRules = (
			);
			dependencies = (
				989D996D288850AA00CE2EE0 /* PBXTargetDependency */,
			);
			name = "SAP ChallangeTests";
			productName = "SAP ChallangeTests";
			productReference = 989D9968288850AA00CE2EE0 /* SAP ChallangeTests.xctest */;
			productType = "com.apple.product-type.bundle.unit-test";
		};
/* End PBXNativeTarget section */

/* Begin PBXProject section */
		988E44942885423300D16752 /* Project object */ = {
			isa = PBXProject;
			attributes = {
				BuildIndependentTargetsInParallel = 1;
				LastSwiftUpdateCheck = 1340;
				LastUpgradeCheck = 1340;
				TargetAttributes = {
					988E449B2885423300D16752 = {
						CreatedOnToolsVersion = 13.4.1;
					};
					989CCF81288FE82E0024AA17 = {
						CreatedOnToolsVersion = 13.4.1;
						TestTargetID = 988E449B2885423300D16752;
					};
					989D9967288850AA00CE2EE0 = {
						CreatedOnToolsVersion = 13.4.1;
						TestTargetID = 988E449B2885423300D16752;
					};
				};
			};
			buildConfigurationList = 988E44972885423300D16752 /* Build configuration list for PBXProject "SAP Challange" */;
			compatibilityVersion = "Xcode 13.0";
			developmentRegion = en;
			hasScannedForEncodings = 0;
			knownRegions = (
				en,
				Base,
			);
			mainGroup = 988E44932885423300D16752;
			productRefGroup = 988E449D2885423300D16752 /* Products */;
			projectDirPath = "";
			projectRoot = "";
			targets = (
				988E449B2885423300D16752 /* SAP Challange */,
				989D9967288850AA00CE2EE0 /* SAP ChallangeTests */,
				989CCF81288FE82E0024AA17 /* SAP ChallangeUITests */,
			);
		};
/* End PBXProject section */

/* Begin PBXResourcesBuildPhase section */
		988E449A2885423300D16752 /* Resources */ = {
			isa = PBXResourcesBuildPhase;
			buildActionMask = 2147483647;
			files = (
				988E44AC2885423400D16752 /* LaunchScreen.storyboard in Resources */,
				988E44A92885423400D16752 /* Assets.xcassets in Resources */,
				988E44A72885423300D16752 /* Main.storyboard in Resources */,
			);
			runOnlyForDeploymentPostprocessing = 0;
		};
		989CCF80288FE82E0024AA17 /* Resources */ = {
			isa = PBXResourcesBuildPhase;
			buildActionMask = 2147483647;
			files = (
			);
			runOnlyForDeploymentPostprocessing = 0;
		};
		989D9966288850AA00CE2EE0 /* Resources */ = {
			isa = PBXResourcesBuildPhase;
			buildActionMask = 2147483647;
			files = (
			);
			runOnlyForDeploymentPostprocessing = 0;
		};
/* End PBXResourcesBuildPhase section */

/* Begin PBXSourcesBuildPhase section */
		988E44982885423300D16752 /* Sources */ = {
			isa = PBXSourcesBuildPhase;
			buildActionMask = 2147483647;
			files = (
				988E44BF2885ADD300D16752 /* CustomCollectionViewCellViewModel.swift in Sources */,
				989CCF8E289010AB0024AA17 /* Errors.swift in Sources */,
				986BE68D288AC95200DA53FC /* DataSourceFactory.swift in Sources */,
				988E44B5288542CF00D16752 /* CollectionViewController.swift in Sources */,
				988E44B9288574AA00D16752 /* CollectionViewViewModel.swift in Sources */,
				988E44B72885612600D16752 /* CustomCollectionViewCell.swift in Sources */,
				988E44A42885423300D16752 /* ViewController.swift in Sources */,
				985493A9288EE3DE00A0D17F /* TestDataSource.swift in Sources */,
				989CCF7A288FCF640024AA17 /* TextViewContent.swift in Sources */,
				988E44A02885423300D16752 /* AppDelegate.swift in Sources */,
				989CCF77288FCED60024AA17 /* LabelContent.swift in Sources */,
				985493AC288EE3F600A0D17F /* ProductionDataSource.swift in Sources */,
				988E44BB2885ABBD00D16752 /* Model.swift in Sources */,
				988E44A22885423300D16752 /* SceneDelegate.swift in Sources */,
				9894B959288EEF3C002B2B57 /* CellContentBuilder.swift in Sources */,
			);
			runOnlyForDeploymentPostprocessing = 0;
		};
		989CCF7E288FE82E0024AA17 /* Sources */ = {
			isa = PBXSourcesBuildPhase;
			buildActionMask = 2147483647;
			files = (
				989CCF85288FE82E0024AA17 /* SAP_ChallangeUITests.swift in Sources */,
				989CCF87288FE82E0024AA17 /* SAP_ChallangeUITestsLaunchTests.swift in Sources */,
			);
			runOnlyForDeploymentPostprocessing = 0;
		};
		989D9964288850AA00CE2EE0 /* Sources */ = {
			isa = PBXSourcesBuildPhase;
			buildActionMask = 2147483647;
			files = (
				989CCF7D288FE4290024AA17 /* CollectionViewController.swift in Sources */,
				989D99732888556000CE2EE0 /* CustomCollectionViewCellViewModel.swift in Sources */,
				989CCF78288FCED60024AA17 /* LabelContent.swift in Sources */,
				986BE68E288ACF4700DA53FC /* DataSourceFactory.swift in Sources */,
				985493AA288EE3DE00A0D17F /* TestDataSource.swift in Sources */,
				989D99722888555000CE2EE0 /* Model.swift in Sources */,
				989CCF7B288FCF640024AA17 /* TextViewContent.swift in Sources */,
				989CCF9128901AF20024AA17 /* Errors.swift in Sources */,
				989D996B288850AA00CE2EE0 /* SAP_ChallangeTests.swift in Sources */,
				985493AD288EE3F600A0D17F /* ProductionDataSource.swift in Sources */,
				989D9971288852C900CE2EE0 /* CollectionViewViewModel.swift in Sources */,
				9894B95A288EEF3C002B2B57 /* CellContentBuilder.swift in Sources */,
				989CCF7C288FDDC20024AA17 /* CustomCollectionViewCell.swift in Sources */,
			);
			runOnlyForDeploymentPostprocessing = 0;
		};
/* End PBXSourcesBuildPhase section */

/* Begin PBXTargetDependency section */
		989CCF89288FE82E0024AA17 /* PBXTargetDependency */ = {
			isa = PBXTargetDependency;
			target = 988E449B2885423300D16752 /* SAP Challange */;
			targetProxy = 989CCF88288FE82E0024AA17 /* PBXContainerItemProxy */;
		};
		989D996D288850AA00CE2EE0 /* PBXTargetDependency */ = {
			isa = PBXTargetDependency;
			target = 988E449B2885423300D16752 /* SAP Challange */;
			targetProxy = 989D996C288850AA00CE2EE0 /* PBXContainerItemProxy */;
		};
/* End PBXTargetDependency section */

/* Begin PBXVariantGroup section */
		988E44A52885423300D16752 /* Main.storyboard */ = {
			isa = PBXVariantGroup;
			children = (
				988E44A62885423300D16752 /* Base */,
			);
			name = Main.storyboard;
			sourceTree = "<group>";
		};
		988E44AA2885423400D16752 /* LaunchScreen.storyboard */ = {
			isa = PBXVariantGroup;
			children = (
				988E44AB2885423400D16752 /* Base */,
			);
			name = LaunchScreen.storyboard;
			sourceTree = "<group>";
		};
/* End PBXVariantGroup section */

/* Begin XCBuildConfiguration section */
		988E44AE2885423400D16752 /* Debug */ = {
			isa = XCBuildConfiguration;
			buildSettings = {
				ALWAYS_SEARCH_USER_PATHS = NO;
				CLANG_ANALYZER_NONNULL = YES;
				CLANG_ANALYZER_NUMBER_OBJECT_CONVERSION = YES_AGGRESSIVE;
				CLANG_CXX_LANGUAGE_STANDARD = "gnu++17";
				CLANG_ENABLE_MODULES = YES;
				CLANG_ENABLE_OBJC_ARC = YES;
				CLANG_ENABLE_OBJC_WEAK = YES;
				CLANG_WARN_BLOCK_CAPTURE_AUTORELEASING = YES;
				CLANG_WARN_BOOL_CONVERSION = YES;
				CLANG_WARN_COMMA = YES;
				CLANG_WARN_CONSTANT_CONVERSION = YES;
				CLANG_WARN_DEPRECATED_OBJC_IMPLEMENTATIONS = YES;
				CLANG_WARN_DIRECT_OBJC_ISA_USAGE = YES_ERROR;
				CLANG_WARN_DOCUMENTATION_COMMENTS = YES;
				CLANG_WARN_EMPTY_BODY = YES;
				CLANG_WARN_ENUM_CONVERSION = YES;
				CLANG_WARN_INFINITE_RECURSION = YES;
				CLANG_WARN_INT_CONVERSION = YES;
				CLANG_WARN_NON_LITERAL_NULL_CONVERSION = YES;
				CLANG_WARN_OBJC_IMPLICIT_RETAIN_SELF = YES;
				CLANG_WARN_OBJC_LITERAL_CONVERSION = YES;
				CLANG_WARN_OBJC_ROOT_CLASS = YES_ERROR;
				CLANG_WARN_QUOTED_INCLUDE_IN_FRAMEWORK_HEADER = YES;
				CLANG_WARN_RANGE_LOOP_ANALYSIS = YES;
				CLANG_WARN_STRICT_PROTOTYPES = YES;
				CLANG_WARN_SUSPICIOUS_MOVE = YES;
				CLANG_WARN_UNGUARDED_AVAILABILITY = YES_AGGRESSIVE;
				CLANG_WARN_UNREACHABLE_CODE = YES;
				CLANG_WARN__DUPLICATE_METHOD_MATCH = YES;
				COPY_PHASE_STRIP = NO;
				DEBUG_INFORMATION_FORMAT = dwarf;
				ENABLE_STRICT_OBJC_MSGSEND = YES;
				ENABLE_TESTABILITY = YES;
				GCC_C_LANGUAGE_STANDARD = gnu11;
				GCC_DYNAMIC_NO_PIC = NO;
				GCC_NO_COMMON_BLOCKS = YES;
				GCC_OPTIMIZATION_LEVEL = 0;
				GCC_PREPROCESSOR_DEFINITIONS = (
					"DEBUG=1",
					"$(inherited)",
				);
				GCC_WARN_64_TO_32_BIT_CONVERSION = YES;
				GCC_WARN_ABOUT_RETURN_TYPE = YES_ERROR;
				GCC_WARN_UNDECLARED_SELECTOR = YES;
				GCC_WARN_UNINITIALIZED_AUTOS = YES_AGGRESSIVE;
				GCC_WARN_UNUSED_FUNCTION = YES;
				GCC_WARN_UNUSED_VARIABLE = YES;
				IPHONEOS_DEPLOYMENT_TARGET = 15.5;
				MTL_ENABLE_DEBUG_INFO = INCLUDE_SOURCE;
				MTL_FAST_MATH = YES;
				ONLY_ACTIVE_ARCH = YES;
				SDKROOT = iphoneos;
				SWIFT_ACTIVE_COMPILATION_CONDITIONS = DEBUG;
				SWIFT_OPTIMIZATION_LEVEL = "-Onone";
			};
			name = Debug;
		};
		988E44AF2885423400D16752 /* Release */ = {
			isa = XCBuildConfiguration;
			buildSettings = {
				ALWAYS_SEARCH_USER_PATHS = NO;
				CLANG_ANALYZER_NONNULL = YES;
				CLANG_ANALYZER_NUMBER_OBJECT_CONVERSION = YES_AGGRESSIVE;
				CLANG_CXX_LANGUAGE_STANDARD = "gnu++17";
				CLANG_ENABLE_MODULES = YES;
				CLANG_ENABLE_OBJC_ARC = YES;
				CLANG_ENABLE_OBJC_WEAK = YES;
				CLANG_WARN_BLOCK_CAPTURE_AUTORELEASING = YES;
				CLANG_WARN_BOOL_CONVERSION = YES;
				CLANG_WARN_COMMA = YES;
				CLANG_WARN_CONSTANT_CONVERSION = YES;
				CLANG_WARN_DEPRECATED_OBJC_IMPLEMENTATIONS = YES;
				CLANG_WARN_DIRECT_OBJC_ISA_USAGE = YES_ERROR;
				CLANG_WARN_DOCUMENTATION_COMMENTS = YES;
				CLANG_WARN_EMPTY_BODY = YES;
				CLANG_WARN_ENUM_CONVERSION = YES;
				CLANG_WARN_INFINITE_RECURSION = YES;
				CLANG_WARN_INT_CONVERSION = YES;
				CLANG_WARN_NON_LITERAL_NULL_CONVERSION = YES;
				CLANG_WARN_OBJC_IMPLICIT_RETAIN_SELF = YES;
				CLANG_WARN_OBJC_LITERAL_CONVERSION = YES;
				CLANG_WARN_OBJC_ROOT_CLASS = YES_ERROR;
				CLANG_WARN_QUOTED_INCLUDE_IN_FRAMEWORK_HEADER = YES;
				CLANG_WARN_RANGE_LOOP_ANALYSIS = YES;
				CLANG_WARN_STRICT_PROTOTYPES = YES;
				CLANG_WARN_SUSPICIOUS_MOVE = YES;
				CLANG_WARN_UNGUARDED_AVAILABILITY = YES_AGGRESSIVE;
				CLANG_WARN_UNREACHABLE_CODE = YES;
				CLANG_WARN__DUPLICATE_METHOD_MATCH = YES;
				COPY_PHASE_STRIP = NO;
				DEBUG_INFORMATION_FORMAT = "dwarf-with-dsym";
				ENABLE_NS_ASSERTIONS = NO;
				ENABLE_STRICT_OBJC_MSGSEND = YES;
				GCC_C_LANGUAGE_STANDARD = gnu11;
				GCC_NO_COMMON_BLOCKS = YES;
				GCC_WARN_64_TO_32_BIT_CONVERSION = YES;
				GCC_WARN_ABOUT_RETURN_TYPE = YES_ERROR;
				GCC_WARN_UNDECLARED_SELECTOR = YES;
				GCC_WARN_UNINITIALIZED_AUTOS = YES_AGGRESSIVE;
				GCC_WARN_UNUSED_FUNCTION = YES;
				GCC_WARN_UNUSED_VARIABLE = YES;
				IPHONEOS_DEPLOYMENT_TARGET = 15.5;
				MTL_ENABLE_DEBUG_INFO = NO;
				MTL_FAST_MATH = YES;
				SDKROOT = iphoneos;
				SWIFT_COMPILATION_MODE = wholemodule;
				SWIFT_OPTIMIZATION_LEVEL = "-O";
				VALIDATE_PRODUCT = YES;
			};
			name = Release;
		};
		988E44B12885423400D16752 /* Debug */ = {
			isa = XCBuildConfiguration;
			buildSettings = {
				ASSETCATALOG_COMPILER_APPICON_NAME = AppIcon;
				ASSETCATALOG_COMPILER_GLOBAL_ACCENT_COLOR_NAME = AccentColor;
				CODE_SIGN_STYLE = Automatic;
				CURRENT_PROJECT_VERSION = 1;
				DEVELOPMENT_TEAM = R9RAD94PLQ;
				GENERATE_INFOPLIST_FILE = YES;
				INFOPLIST_FILE = "SAP Challange/Info.plist";
				INFOPLIST_KEY_UIApplicationSupportsIndirectInputEvents = YES;
				INFOPLIST_KEY_UILaunchStoryboardName = LaunchScreen;
				INFOPLIST_KEY_UIMainStoryboardFile = Main;
				INFOPLIST_KEY_UISupportedInterfaceOrientations = "UIInterfaceOrientationPortrait UIInterfaceOrientationPortraitUpsideDown";
				INFOPLIST_KEY_UISupportedInterfaceOrientations_iPad = "UIInterfaceOrientationPortrait UIInterfaceOrientationPortraitUpsideDown UIInterfaceOrientationLandscapeLeft UIInterfaceOrientationLandscapeRight";
				INFOPLIST_KEY_UISupportedInterfaceOrientations_iPhone = UIInterfaceOrientationPortrait;
				LD_RUNPATH_SEARCH_PATHS = (
					"$(inherited)",
					"@executable_path/Frameworks",
				);
				MARKETING_VERSION = 1.0;
				PRODUCT_BUNDLE_IDENTIFIER = "sap-challange-sebastian-ganea.SAP-Challange";
				PRODUCT_NAME = "$(TARGET_NAME)";
				SWIFT_EMIT_LOC_STRINGS = YES;
				SWIFT_VERSION = 5.0;
				TARGETED_DEVICE_FAMILY = "1,2";
			};
			name = Debug;
		};
		988E44B22885423400D16752 /* Release */ = {
			isa = XCBuildConfiguration;
			buildSettings = {
				ASSETCATALOG_COMPILER_APPICON_NAME = AppIcon;
				ASSETCATALOG_COMPILER_GLOBAL_ACCENT_COLOR_NAME = AccentColor;
				CODE_SIGN_STYLE = Automatic;
				CURRENT_PROJECT_VERSION = 1;
				DEVELOPMENT_TEAM = R9RAD94PLQ;
				GENERATE_INFOPLIST_FILE = YES;
				INFOPLIST_FILE = "SAP Challange/Info.plist";
				INFOPLIST_KEY_UIApplicationSupportsIndirectInputEvents = YES;
				INFOPLIST_KEY_UILaunchStoryboardName = LaunchScreen;
				INFOPLIST_KEY_UIMainStoryboardFile = Main;
				INFOPLIST_KEY_UISupportedInterfaceOrientations = "UIInterfaceOrientationPortrait UIInterfaceOrientationPortraitUpsideDown";
				INFOPLIST_KEY_UISupportedInterfaceOrientations_iPad = "UIInterfaceOrientationPortrait UIInterfaceOrientationPortraitUpsideDown UIInterfaceOrientationLandscapeLeft UIInterfaceOrientationLandscapeRight";
				INFOPLIST_KEY_UISupportedInterfaceOrientations_iPhone = UIInterfaceOrientationPortrait;
				LD_RUNPATH_SEARCH_PATHS = (
					"$(inherited)",
					"@executable_path/Frameworks",
				);
				MARKETING_VERSION = 1.0;
				PRODUCT_BUNDLE_IDENTIFIER = "sap-challange-sebastian-ganea.SAP-Challange";
				PRODUCT_NAME = "$(TARGET_NAME)";
				SWIFT_EMIT_LOC_STRINGS = YES;
				SWIFT_VERSION = 5.0;
				TARGETED_DEVICE_FAMILY = "1,2";
			};
			name = Release;
		};
		989CCF8B288FE82E0024AA17 /* Debug */ = {
			isa = XCBuildConfiguration;
			buildSettings = {
				CODE_SIGN_STYLE = Automatic;
				CURRENT_PROJECT_VERSION = 1;
				DEVELOPMENT_TEAM = R9RAD94PLQ;
				GENERATE_INFOPLIST_FILE = YES;
				MARKETING_VERSION = 1.0;
				PRODUCT_BUNDLE_IDENTIFIER = "sap-challange-sebastian-ganea.SAP-ChallangeUITests";
				PRODUCT_NAME = "$(TARGET_NAME)";
				SWIFT_EMIT_LOC_STRINGS = NO;
				SWIFT_VERSION = 5.0;
				TARGETED_DEVICE_FAMILY = "1,2";
				TEST_TARGET_NAME = "SAP Challange";
			};
			name = Debug;
		};
		989CCF8C288FE82E0024AA17 /* Release */ = {
			isa = XCBuildConfiguration;
			buildSettings = {
				CODE_SIGN_STYLE = Automatic;
				CURRENT_PROJECT_VERSION = 1;
				DEVELOPMENT_TEAM = R9RAD94PLQ;
				GENERATE_INFOPLIST_FILE = YES;
				MARKETING_VERSION = 1.0;
				PRODUCT_BUNDLE_IDENTIFIER = "sap-challange-sebastian-ganea.SAP-ChallangeUITests";
				PRODUCT_NAME = "$(TARGET_NAME)";
				SWIFT_EMIT_LOC_STRINGS = NO;
				SWIFT_VERSION = 5.0;
				TARGETED_DEVICE_FAMILY = "1,2";
				TEST_TARGET_NAME = "SAP Challange";
			};
			name = Release;
		};
		989D996E288850AA00CE2EE0 /* Debug */ = {
			isa = XCBuildConfiguration;
			buildSettings = {
				BUNDLE_LOADER = "$(TEST_HOST)";
				CODE_SIGN_STYLE = Automatic;
				CURRENT_PROJECT_VERSION = 1;
				DEVELOPMENT_TEAM = R9RAD94PLQ;
				GENERATE_INFOPLIST_FILE = YES;
				MARKETING_VERSION = 1.0;
				PRODUCT_BUNDLE_IDENTIFIER = "sap-challange-sebastian-ganea.SAP-ChallangeTests";
				PRODUCT_NAME = "$(TARGET_NAME)";
				SWIFT_EMIT_LOC_STRINGS = NO;
				SWIFT_VERSION = 5.0;
				TARGETED_DEVICE_FAMILY = "1,2";
				TEST_HOST = "$(BUILT_PRODUCTS_DIR)/SAP Challange.app/SAP Challange";
			};
			name = Debug;
		};
		989D996F288850AA00CE2EE0 /* Release */ = {
			isa = XCBuildConfiguration;
			buildSettings = {
				BUNDLE_LOADER = "$(TEST_HOST)";
				CODE_SIGN_STYLE = Automatic;
				CURRENT_PROJECT_VERSION = 1;
				DEVELOPMENT_TEAM = R9RAD94PLQ;
				GENERATE_INFOPLIST_FILE = YES;
				MARKETING_VERSION = 1.0;
				PRODUCT_BUNDLE_IDENTIFIER = "sap-challange-sebastian-ganea.SAP-ChallangeTests";
				PRODUCT_NAME = "$(TARGET_NAME)";
				SWIFT_EMIT_LOC_STRINGS = NO;
				SWIFT_VERSION = 5.0;
				TARGETED_DEVICE_FAMILY = "1,2";
				TEST_HOST = "$(BUILT_PRODUCTS_DIR)/SAP Challange.app/SAP Challange";
			};
			name = Release;
		};
/* End XCBuildConfiguration section */

/* Begin XCConfigurationList section */
		988E44972885423300D16752 /* Build configuration list for PBXProject "SAP Challange" */ = {
			isa = XCConfigurationList;
			buildConfigurations = (
				988E44AE2885423400D16752 /* Debug */,
				988E44AF2885423400D16752 /* Release */,
			);
			defaultConfigurationIsVisible = 0;
			defaultConfigurationName = Release;
		};
		988E44B02885423400D16752 /* Build configuration list for PBXNativeTarget "SAP Challange" */ = {
			isa = XCConfigurationList;
			buildConfigurations = (
				988E44B12885423400D16752 /* Debug */,
				988E44B22885423400D16752 /* Release */,
			);
			defaultConfigurationIsVisible = 0;
			defaultConfigurationName = Release;
		};
		989CCF8A288FE82E0024AA17 /* Build configuration list for PBXNativeTarget "SAP ChallangeUITests" */ = {
			isa = XCConfigurationList;
			buildConfigurations = (
				989CCF8B288FE82E0024AA17 /* Debug */,
				989CCF8C288FE82E0024AA17 /* Release */,
			);
			defaultConfigurationIsVisible = 0;
			defaultConfigurationName = Release;
		};
		989D9970288850AA00CE2EE0 /* Build configuration list for PBXNativeTarget "SAP ChallangeTests" */ = {
			isa = XCConfigurationList;
			buildConfigurations = (
				989D996E288850AA00CE2EE0 /* Debug */,
				989D996F288850AA00CE2EE0 /* Release */,
			);
			defaultConfigurationIsVisible = 0;
			defaultConfigurationName = Release;
		};
/* End XCConfigurationList section */
	};
	rootObject = 988E44942885423300D16752 /* Project object */;
}
